<Solution>
    <Folder Name="/config/">
        <File Path=".dockerignore" />
        <File Path=".gitignore" />

        <File Path="CHANGELOG.md" />
        <File Path="Directory.Build.props" />
        <File Path="Directory.Build.targets" />
        <File Path="Directory.Packages.props" />
        <File Path="global.json" />
        <File Path="nuget.config" />
        <File Path="railway.toml" />
        <File Path="README.md" />
    </Folder>

    <!-- Build infrastructure + schemas -->
    <Folder Name="/eng/">
        <File Path="eng\semconv\qyl-extensions.json" />
        <File Path="eng\websocket.md" />
        <Project Path="eng/build/build.csproj" />
        <File Path="eng/build.cmd" />
        <File Path="eng/build.ps1" />
        <File Path="eng/build.sh" />
        <File Path="eng/compose.yaml" />
        <File Path="eng/MSBuild/Shared.props" />
        <File Path="eng/MSBuild/Shared.targets" />
        <File Path="eng/MSBuild/Shared.Claude.props" />
        <File Path="eng/MSBuild/Shared.Claude.Rules.targets" />
        <File Path="eng/MSBuild/Shared.Claude.targets" />
        <File Path="core/specs/generated/semconv.g.tsp" />
    </Folder>

    <!-- Platform: collector, protocol, hosting -->
    <Folder Name="/src/platform/">
        <Project Path="src/qyl.collector/qyl.collector.csproj" />
        <Project Path="src/qyl.protocol/qyl.protocol.csproj" />
        <Project Path="src/qyl.hosting/qyl.hosting.csproj" />
    </Folder>

    <!-- SDK: instrumentation + browser telemetry -->
    <Folder Name="/src/sdk/">
        <Project Path="src/qyl.servicedefaults/qyl.servicedefaults.csproj" />
        <Project Path="src/qyl.servicedefaults.generator/qyl.servicedefaults.generator.csproj" />
        <Project Path="src/qyl.browser/qyl.browser.esproj" />
    </Folder>
    <Folder Name="/src/" />
    <!-- AI: copilot + MCP server -->
    <Folder Name="/src/ai/">
        <Project Path="src/qyl.copilot/qyl.copilot.csproj" />
        <Project Path="src/qyl.mcp/qyl.mcp.csproj" />
    </Folder>

    <!-- Dashboard: React SPA -->
    <Folder Name="/src/dashboard/">
        <Project Path="src/qyl.dashboard/qyl.dashboard.esproj" />
    </Folder>

    <!-- Tools: terminal utilities -->
    <Folder Name="/src/tools/">
        <Project Path="src/qyl.watch/qyl.watch.csproj" />
    </Folder>

    <!-- Tests -->
    <Folder Name="/tests/">
        <Project Path="tests/qyl.collector.tests/qyl.collector.tests.csproj" />
    </Folder>


    <!-- Docs -->
    <Folder Name="/docs/">
        <File Path="docs/andrewlock-system-diagnostics-metrics-apis-parts-1-4.md" />
        <File Path="docs/verify-catalog-docs.sh" />
        <File Path="docs\persistent-agent-worktree-setup.md" />
    </Folder>
    <Folder Name="/docs/roadmap/">
        <File Path="docs/roadmap/loom-design.md" />
        <File Path="docs/roadmap/antipattern-remediation.md" />
        <File Path="docs/roadmap/aspire-coverage.md" />
        <File Path="docs/roadmap/hades-storage-purge.md" />
        <File Path="docs/roadmap/otel-semconv-reference.md" />
        <File Path="docs/roadmap/vector-stores-and-embeddings.md" />
        <File Path="docs\roadmap\dotnet-vector-stores-and-embeddings.md" />
        <File Path="docs\roadmap\w.md" />
    </Folder>
    <Folder Name="/docs/plans/">
        <File Path="docs/plans/2026-03-03-qyl-agui-declarative-design.md" />
        <File Path="docs/plans/2026-03-03-qyl-agui-declarative-impl.md" />
        <File Path="docs/plans/2026-03-06-qyl-ship-workflow.md" />
    </Folder>
    <Folder Name="/docs/decisions/">
        <File Path="docs/decisions/PRINCIPLES.md" />
        <File Path="docs/decisions/SCOPE-TAXONOMY.md" />
        <File Path="docs/decisions/suggested-improvements.yaml" />
    </Folder>
    <Folder Name="/docs/done/" />
    <!-- Vertical slices -->
    <Folder Name="/docs/ingestion/">
        <File Path="docs/ingestion/spec.md" />
        <File Path="docs/ingestion/requirements.md" />
    </Folder>
    <Folder Name="/docs/intelligence/">
        <File Path="docs/intelligence/spec.md" />
        <File Path="docs/intelligence/requirements.md" />
    </Folder>
    <Folder Name="/docs/intelligence/features/">
        <File Path="docs/intelligence/features/ai-chat-analytics.md" />
    </Folder>
    <Folder Name="/docs/query/">
        <File Path="docs/query/spec.md" />
        <File Path="docs/query/requirements.md" />
    </Folder>
    <Folder Name="/docs/query/features/">
        <File Path="docs/query/features/mcp-platform.md" />
    </Folder>
    <Folder Name="/docs/sdk/">
        <File Path="docs/sdk/spec.md" />
        <File Path="docs/sdk/requirements.md" />
    </Folder>
    <Folder Name="/docs/sdk/features/">
        <File Path="docs/sdk/features/traced-annotations.md" />
        <File Path="docs/sdk/features/zero-cost-observability.md" />
    </Folder>
    <Folder Name="/docs/presentation/">
        <File Path="docs/presentation/spec.md" />
        <File Path="docs/presentation/requirements.md" />
    </Folder>
    <Folder Name="/docs/screenshots/">
        <File Path="docs/screenshots/insights.png" />
        <File Path="docs/screenshots/issue-details.png" />
        <File Path="docs/screenshots/logs.png" />
        <File Path="docs/screenshots/loom-requirements-registry.png" />
        <File Path="docs/screenshots/replays.png" />
        <File Path="docs/screenshots/seer.png" />
        <File Path="docs/screenshots/trace-explorer.png" />
        <File Path="docs/screenshots/traces.png" />
        <File Path="docs/screenshots/uptime.png" />
        <File Path="docs\screenshots\01-issues-feed.png" />
        <File Path="docs\screenshots\02-issues-errors-outages.png" />
        <File Path="docs\screenshots\03-explore-traces.png" />
        <File Path="docs\screenshots\04-explore-spans.png" />
        <File Path="docs\screenshots\05-explore-logs.png" />
        <File Path="docs\screenshots\06-dashboards-overview.png" />
        <File Path="docs\screenshots\07-dashboards-general.png" />
        <File Path="docs\screenshots\08-dashboards-frontend.png" />
        <File Path="docs\screenshots\09-dashboards-backend.png" />
        <File Path="docs\screenshots\10-dashboards-mobile.png" />
        <File Path="docs\screenshots\11-insights-overview.png" />
        <File Path="docs\screenshots\12-insights-frontend.png" />
        <File Path="docs\screenshots\13-insights-backend.png" />
        <File Path="docs\screenshots\14-insights-mobile.png" />
        <File Path="docs\screenshots\15-insights-ai-agents.png" />
        <File Path="docs\screenshots\16-insights-llm-monitoring.png" />
        <File Path="docs\screenshots\17-performance-overview.png" />
        <File Path="docs\screenshots\18-profiling.png" />
        <File Path="docs\screenshots\19-session-replays.png" />
        <File Path="docs\screenshots\21-alerts.png" />
        <File Path="docs\screenshots\22-settings-overview.png" />
        <File Path="docs\screenshots\23-settings-projects.png" />
        <File Path="docs\screenshots\24-settings-teams.png" />
        <File Path="docs\screenshots\25-settings-integrations.png" />
        <File Path="docs\screenshots\26-uptime-monitors.png" />
        <File Path="docs\screenshots\27-buildwithcode-login.jpeg" />
        <File Path="docs\screenshots\28-user-feedback.jpeg" />
        <File Path="docs\screenshots\29-releases.jpeg" />
        <File Path="docs\screenshots\30-stats.jpeg" />
        <File Path="docs\screenshots\31-issues-feed-full.jpeg" />
        <File Path="docs\screenshots\32-dashboards-full.jpeg" />
        <File Path="docs\screenshots\33-insights-full.jpeg" />
        <File Path="docs\screenshots\34-insights-ai-agents-full.jpeg" />
        <File Path="docs\screenshots\35-performance-full.jpeg" />
        <File Path="docs\screenshots\36-settings-full.jpeg" />
        <File Path="docs\screenshots\37-sentry-for-ai.jpeg" />
        <File Path="docs\screenshots\38-sentry-llm-monitoring.jpeg" />
        <File Path="docs\screenshots\39-docs-explore-traces.jpeg" />
        <File Path="docs\screenshots\40-docs-llm-monitoring.jpeg" />
        <File Path="docs\screenshots\41-docs-crons.jpeg" />
        <File Path="docs\screenshots\42-dev-app-architecture.jpeg" />
        <File Path="docs\screenshots\42-docs-session-replay.jpeg" />
        <File Path="docs\screenshots\43-docs-alerts.jpeg" />
        <File Path="docs\screenshots\43-docs-profiling.jpeg" />
        <File Path="docs\screenshots\44-docs-dashboards.jpeg" />
        <File Path="docs\screenshots\44-docs-releases.jpeg" />
        <File Path="docs\screenshots\45-docs-issues.jpeg" />
        <File Path="docs\screenshots\46-dev-architecture.jpeg" />
        <File Path="docs\screenshots\49-pricing.jpeg" />
        <File Path="docs\screenshots\50-api-docs.jpeg" />
    </Folder>
    <Folder Name="/docs/prompts/">
        <File Path="docs/prompts/README.md" />
        <File Path="docs/prompts/01-worktree-bootstrap.md" />
        <File Path="docs/prompts/02-1-metrics-instrument-types.md" />
        <File Path="docs/prompts/02-2-metrics-diagnostics-tooling.md" />
        <File Path="docs/prompts/02-3-metrics-source-generators.md" />
        <File Path="docs/prompts/02-4-metrics-meterlistener.md" />
    </Folder>
    <Folder Name="/docs/agent-guidance/">
        <File Path="docs/agent-guidance/architecture.md" />
        <File Path="docs/agent-guidance/build-and-tooling.md" />
        <File Path="docs/agent-guidance/conventions.md" />
        <File Path="docs/agent-guidance/docs-catalog.md" />
        <File Path="docs/agent-guidance/requests-to-humans.md" />
    </Folder>


    <!-- GitHub config -->
    <Folder Name="/.github/">
        <File Path=".github/workflows/auto-merge.yml" />
        <File Path=".github/workflows/ci.yml" />
        <File Path=".github/workflows/claude.yml" />
        <File Path=".github/workflows/pages.yml" />
        <File Path=".github/workflows/release.yml" />
        <File Path=".github/copilot-instructions.md" />
        <File Path=".github/dependabot.yml" />
    </Folder>

    <!-- Samples -->
    <Folder Name="/samples/">
        <Project Path="samples/maf-agent-qyl/maf-agent-qyl.csproj" />
    </Folder>
    <Folder Name="/.agents/" />

    <!-- Claude config -->
    <Folder Name="/.claude/">
        <File Path=".claude/settings.local.json" />
    </Folder>

</Solution>
